
Microsoft Visual Studio Solution File, Format Version 12.00
# Visual Studio 15
VisualStudioVersion = 15.0.26124.0
MinimumVisualStudioVersion = 15.0.26124.0
Project("{2150E333-8FDC-42A3-9474-1A3956D46DE8}") = "src", "src", "{01491AC2-B360-410A-AACC-138BBDEDEE09}"
EndProject
Project("{FAE04EC0-301F-11D3-BF4B-00C04F79EFBC}") = "Loft.Function", "src\Loft.Function\Loft.Function.csproj", "{7820A28D-4353-4FEC-8A0D-3BEFB526FD84}"
EndProject
Project("{FAE04EC0-301F-11D3-BF4B-00C04F79EFBC}") = "Loft.Function.Tests", "src\Loft.Function.Tests\Loft.Function.Tests.csproj", "{C64A59C5-A4B5-4727-8838-B69264706022}"
EndProject
Global
	GlobalSection(SolutionConfigurationPlatforms) = preSolution
		Debug|Any CPU = Debug|Any CPU
		Debug|x64 = Debug|x64
		Debug|x86 = Debug|x86
		Release|Any CPU = Release|Any CPU
		Release|x64 = Release|x64
		Release|x86 = Release|x86
	EndGlobalSection
	GlobalSection(SolutionProperties) = preSolution
		HideSolutionNode = FALSE
	EndGlobalSection
	GlobalSection(ProjectConfigurationPlatforms) = postSolution
		{7820A28D-4353-4FEC-8A0D-3BEFB526FD84}.Debug|Any CPU.ActiveCfg = Debug|Any CPU
		{7820A28D-4353-4FEC-8A0D-3BEFB526FD84}.Debug|Any CPU.Build.0 = Debug|Any CPU
		{7820A28D-4353-4FEC-8A0D-3BEFB526FD84}.Debug|x64.ActiveCfg = Debug|Any CPU
		{7820A28D-4353-4FEC-8A0D-3BEFB526FD84}.Debug|x64.Build.0 = Debug|Any CPU
		{7820A28D-4353-4FEC-8A0D-3BEFB526FD84}.Debug|x86.ActiveCfg = Debug|Any CPU
		{7820A28D-4353-4FEC-8A0D-3BEFB526FD84}.Debug|x86.Build.0 = Debug|Any CPU
		{7820A28D-4353-4FEC-8A0D-3BEFB526FD84}.Release|Any CPU.ActiveCfg = Release|Any CPU
		{7820A28D-4353-4FEC-8A0D-3BEFB526FD84}.Release|Any CPU.Build.0 = Release|Any CPU
		{7820A28D-4353-4FEC-8A0D-3BEFB526FD84}.Release|x64.ActiveCfg = Release|Any CPU
		{7820A28D-4353-4FEC-8A0D-3BEFB526FD84}.Release|x64.Build.0 = Release|Any CPU
		{7820A28D-4353-4FEC-8A0D-3BEFB526FD84}.Release|x86.ActiveCfg = Release|Any CPU
		{7820A28D-4353-4FEC-8A0D-3BEFB526FD84}.Release|x86.Build.0 = Release|Any CPU
		{C64A59C5-A4B5-4727-8838-B69264706022}.Debug|Any CPU.ActiveCfg = Debug|Any CPU
		{C64A59C5-A4B5-4727-8838-B69264706022}.Debug|Any CPU.Build.0 = Debug|Any CPU
		{C64A59C5-A4B5-4727-8838-B69264706022}.Debug|x64.ActiveCfg = Debug|Any CPU
		{C64A59C5-A4B5-4727-8838-B69264706022}.Debug|x64.Build.0 = Debug|Any CPU
		{C64A59C5-A4B5-4727-8838-B69264706022}.Debug|x86.ActiveCfg = Debug|Any CPU
		{C64A59C5-A4B5-4727-8838-B69264706022}.Debug|x86.Build.0 = Debug|Any CPU
		{C64A59C5-A4B5-4727-8838-B69264706022}.Release|Any CPU.ActiveCfg = Release|Any CPU
		{C64A59C5-A4B5-4727-8838-B69264706022}.Release|Any CPU.Build.0 = Release|Any CPU
		{C64A59C5-A4B5-4727-8838-B69264706022}.Release|x64.ActiveCfg = Release|Any CPU
		{C64A59C5-A4B5-4727-8838-B69264706022}.Release|x64.Build.0 = Release|Any CPU
		{C64A59C5-A4B5-4727-8838-B69264706022}.Release|x86.ActiveCfg = Release|Any CPU
		{C64A59C5-A4B5-4727-8838-B69264706022}.Release|x86.Build.0 = Release|Any CPU
	EndGlobalSection
	GlobalSection(NestedProjects) = preSolution
		{7820A28D-4353-4FEC-8A0D-3BEFB526FD84} = {01491AC2-B360-410A-AACC-138BBDEDEE09}
		{C64A59C5-A4B5-4727-8838-B69264706022} = {01491AC2-B360-410A-AACC-138BBDEDEE09}
	EndGlobalSection
EndGlobal
